
Microsoft Visual Studio Solution File, Format Version 12.00
# Visual Studio 15
VisualStudioVersion = 15.0.27703.2042
MinimumVisualStudioVersion = 10.0.40219.1
Project("{FAE04EC0-301F-11D3-BF4B-00C04F79EFBC}") = "Курсач СОВ Изолирующий Лес", "Курсач СОВ Изолирующий Лес\Курсач СОВ Изолирующий Лес.csproj", "{8D70B390-3843-49E8-B7A7-96DDCA432D8E}"
EndProject
Global
	GlobalSection(SolutionConfigurationPlatforms) = preSolution
		Debug|Any CPU = Debug|Any CPU
		Release|Any CPU = Release|Any CPU
	EndGlobalSection
	GlobalSection(ProjectConfigurationPlatforms) = postSolution
		{8D70B390-3843-49E8-B7A7-96DDCA432D8E}.Debug|Any CPU.ActiveCfg = Debug|Any CPU
		{8D70B390-3843-49E8-B7A7-96DDCA432D8E}.Debug|Any CPU.Build.0 = Debug|Any CPU
		{8D70B390-3843-49E8-B7A7-96DDCA432D8E}.Release|Any CPU.ActiveCfg = Release|Any CPU
		{8D70B390-3843-49E8-B7A7-96DDCA432D8E}.Release|Any CPU.Build.0 = Release|Any CPU
	EndGlobalSection
	GlobalSection(SolutionProperties) = preSolution
		HideSolutionNode = FALSE
	EndGlobalSection
	GlobalSection(ExtensibilityGlobals) = postSolution
		SolutionGuid = {4DCB716B-53F9-4E89-8C68-E21096CC45BF}
	EndGlobalSection
EndGlobal
